
Microsoft Visual Studio Solution File, Format Version 12.00
# Visual Studio Version 17
VisualStudioVersion = 17.13.35806.99 d17.13
MinimumVisualStudioVersion = 10.0.40219.1
Project("{FAE04EC0-301F-11D3-BF4B-00C04F79EFBC}") = "Web Banh bao 4 chang linh ngu lam", "Web Banh bao 4 chang linh ngu lam\Web Banh bao 4 chang linh ngu lam.csproj", "{38AE4A43-1E2E-41EA-926D-7768455B2871}"
EndProject
Global
	GlobalSection(SolutionConfigurationPlatforms) = preSolution
		Debug|Any CPU = Debug|Any CPU
		Release|Any CPU = Release|Any CPU
	EndGlobalSection
	GlobalSection(ProjectConfigurationPlatforms) = postSolution
		{38AE4A43-1E2E-41EA-926D-7768455B2871}.Debug|Any CPU.ActiveCfg = Debug|Any CPU
		{38AE4A43-1E2E-41EA-926D-7768455B2871}.Debug|Any CPU.Build.0 = Debug|Any CPU
		{38AE4A43-1E2E-41EA-926D-7768455B2871}.Release|Any CPU.ActiveCfg = Release|Any CPU
		{38AE4A43-1E2E-41EA-926D-7768455B2871}.Release|Any CPU.Build.0 = Release|Any CPU
	EndGlobalSection
	GlobalSection(SolutionProperties) = preSolution
		HideSolutionNode = FALSE
	EndGlobalSection
	GlobalSection(ExtensibilityGlobals) = postSolution
		SolutionGuid = {97257605-1D58-4717-B8E6-0FD7BAC0C007}
	EndGlobalSection
EndGlobal
